<?xml version="1.0" encoding="utf-8"?>
<Project ToolsVersion="4.0" xmlns="http://schemas.microsoft.com/developer/msbuild/2003">
  <ItemGroup>
    <Filter Include="Source Files">
      <UniqueIdentifier>{4FC737F1-C7A5-4376-A066-2A32D752A2FF}</UniqueIdentifier>
      <Extensions>cpp;c;cc;cxx;def;odl;idl;hpj;bat;asm;asmx</Extensions>
    </Filter>
    <Filter Include="Resource Files">
      <UniqueIdentifier>{67DA6AB6-F800-4c08-8B7A-83BB121AAD01}</UniqueIdentifier>
      <Extensions>rc;ico;cur;bmp;dlg;rc2;rct;bin;rgs;gif;jpg;jpeg;jpe;resx;tiff;tif;png;wav;mfcribbon-ms</Extensions>
    </Filter>
    <Filter Include="ThirdParty">
      <UniqueIdentifier>{1c322049-eae3-4468-a02e-1eee04d7839b}</UniqueIdentifier>
    </Filter>
    <Filter Include="Source Files\HTTP">
      <UniqueIdentifier>{695bc8f5-a1b8-4653-b16c-9702c190b87e}</UniqueIdentifier>
    </Filter>
    <Filter Include="Source Files\Game">
      <UniqueIdentifier>{8df95140-6d57-44a9-b9fd-318884606fb7}</UniqueIdentifier>
    </Filter>
    <Filter Include="www">
      <UniqueIdentifier>{15f1145b-1d70-4f65-9a30-ae9ee0e4dec6}</UniqueIdentifier>
    </Filter>
    <Filter Include="www\admin">
      <UniqueIdentifier>{b241ccf2-8414-43c9-8987-86f9eff549d4}</UniqueIdentifier>
    </Filter>
  </ItemGroup>
  <ItemGroup>
    <None Include="ReadMe.txt" />
    <None Include="..\..\www\index.html">
      <Filter>www</Filter>
    </None>
    <None Include="..\..\www\scripts.js">
      <Filter>www</Filter>
    </None>
    <None Include="..\..\www\styles.css">
      <Filter>www</Filter>
    </None>
    <None Include="..\..\www\admin\index.html">
      <Filter>www\admin</Filter>
    </None>
    <None Include="..\..\www\admin\scripts.js">
      <Filter>www\admin</Filter>
    </None>
    <None Include="..\..\www\admin\styles.css">
      <Filter>www\admin</Filter>
    </None>
  </ItemGroup>
  <ItemGroup>
    <ClInclude Include="..\ThirdParty\sqlite3.h">
      <Filter>ThirdParty</Filter>
    </ClInclude>
    <ClInclude Include="..\ThirdParty\sqlite3ext.h">
      <Filter>ThirdParty</Filter>
    </ClInclude>
    <ClInclude Include="stdafx.h">
      <Filter>Source Files</Filter>
    </ClInclude>
    <ClInclude Include="targetver.h">
      <Filter>Source Files</Filter>
    </ClInclude>
    <ClInclude Include="Application.h">
      <Filter>Source Files</Filter>
    </ClInclude>
    <ClInclude Include="HttpServer.h">
      <Filter>Source Files\HTTP</Filter>
    </ClInclude>
    <ClInclude Include="IGame.h">
      <Filter>Source Files\Game</Filter>
    </ClInclude>
    <ClInclude Include="Game.h">
      <Filter>Source Files\Game</Filter>
    </ClInclude>
    <ClInclude Include="..\ThirdParty\SQLiteCpp.h">
      <Filter>ThirdParty</Filter>
    </ClInclude>
    <ClInclude Include="..\ThirdParty\Statement.h">
      <Filter>ThirdParty</Filter>
    </ClInclude>
    <ClInclude Include="..\ThirdParty\Transaction.h">
      <Filter>ThirdParty</Filter>
    </ClInclude>
    <ClInclude Include="..\ThirdParty\Assertion.h">
      <Filter>ThirdParty</Filter>
    </ClInclude>
    <ClInclude Include="..\ThirdParty\Column.h">
      <Filter>ThirdParty</Filter>
    </ClInclude>
    <ClInclude Include="..\ThirdParty\Database.h">
      <Filter>ThirdParty</Filter>
    </ClInclude>
    <ClInclude Include="..\ThirdParty\Exception.h">
      <Filter>ThirdParty</Filter>
    </ClInclude>
  </ItemGroup>
  <ItemGroup>
    <ClCompile Include="stdafx.cpp">
      <Filter>Source Files</Filter>
    </ClCompile>
    <ClCompile Include="..\ThirdParty\sqlite3.c">
      <Filter>ThirdParty</Filter>
    </ClCompile>
    <ClCompile Include="Application.cpp">
      <Filter>Source Files</Filter>
    </ClCompile>
    <ClCompile Include="HttpServer.cpp">
      <Filter>Source Files\HTTP</Filter>
    </ClCompile>
    <ClCompile Include="Game.cpp">
      <Filter>Source Files\Game</Filter>
    </ClCompile>
    <ClCompile Include="..\ThirdParty\Statement.cpp">
      <Filter>ThirdParty</Filter>
    </ClCompile>
    <ClCompile Include="..\ThirdParty\Transaction.cpp">
      <Filter>ThirdParty</Filter>
    </ClCompile>
    <ClCompile Include="..\ThirdParty\Column.cpp">
      <Filter>ThirdParty</Filter>
    </ClCompile>
    <ClCompile Include="..\ThirdParty\Database.cpp">
      <Filter>ThirdParty</Filter>
    </ClCompile>
  </ItemGroup>
</Project>